
Microsoft Visual Studio Solution File, Format Version 12.00
# Visual Studio Version 17
VisualStudioVersion = 17.13.35919.96
MinimumVisualStudioVersion = 10.0.40219.1
Project("{8BC9CEB8-8B4A-11D0-8D11-00A0C91BC942}") = "Sandbox", "Sandbox\Sandbox.vcxproj", "{E7BEE0A0-62A8-42E3-9789-33B143D5F065}"
EndProject
Project("{8BC9CEB8-8B4A-11D0-8D11-00A0C91BC942}") = "LunaCore", "LunaCore\LunaCore.vcxproj", "{BCCE47B5-2C50-4DE2-B61D-31B5BD76931A}"
EndProject
Global
	GlobalSection(SolutionConfigurationPlatforms) = preSolution
		Debug|x64 = Debug|x64
		Release|x64 = Release|x64
	EndGlobalSection
	GlobalSection(ProjectConfigurationPlatforms) = postSolution
		{BCCE47B5-2C50-4DE2-B61D-31B5BD76931A}.Debug|x64.ActiveCfg = Debug|x64
		{BCCE47B5-2C50-4DE2-B61D-31B5BD76931A}.Debug|x64.Build.0 = Debug|x64
		{BCCE47B5-2C50-4DE2-B61D-31B5BD76931A}.Release|x64.ActiveCfg = Release|x64
		{BCCE47B5-2C50-4DE2-B61D-31B5BD76931A}.Release|x64.Build.0 = Release|x64
		{E7BEE0A0-62A8-42E3-9789-33B143D5F065}.Debug|x64.ActiveCfg = Debug|x64
		{E7BEE0A0-62A8-42E3-9789-33B143D5F065}.Debug|x64.Build.0 = Debug|x64
		{E7BEE0A0-62A8-42E3-9789-33B143D5F065}.Release|x64.ActiveCfg = Release|x64
		{E7BEE0A0-62A8-42E3-9789-33B143D5F065}.Release|x64.Build.0 = Release|x64
	EndGlobalSection
	GlobalSection(SolutionProperties) = preSolution
		HideSolutionNode = FALSE
	EndGlobalSection
	GlobalSection(ExtensibilityGlobals) = postSolution
		SolutionGuid = {A620DEE5-7118-44B9-86ED-EAB68C13B37E}
	EndGlobalSection
EndGlobal
